{
  "name": "dadangsinhhoc.site",
  "lockfileVersion": 3,
  "requires": true,
  "packages": {
    "": {
      "dependencies": {
        "@ckeditor/ckeditor5-build-classic": "^43.0.0"
      }
    },
    "node_modules/@ckeditor/ckeditor5-adapter-ckfinder": {
      "version": "43.0.0",
      "resolved": "https://registry.npmjs.org/@ckeditor/ckeditor5-adapter-ckfinder/-/ckeditor5-adapter-ckfinder-43.0.0.tgz",
      "integrity": "sha512-pwhr46NNLOEyF2Qob/x4+Mwt6Bqi9i/j/4JaI5fSdhml8CZQHw5levJB3NRrOUX1zOw4cjZXQDU+j4TAN+l3xw==",
      "dependencies": {
        "@ckeditor/ckeditor5-core": "43.0.0",
        "@ckeditor/ckeditor5-upload": "43.0.0",
        "ckeditor5": "43.0.0"
      }
    },
    "node_modules/@ckeditor/ckeditor5-alignment": {
      "version": "43.0.0",
      "resolved": "https://registry.npmjs.org/@ckeditor/ckeditor5-alignment/-/ckeditor5-alignment-43.0.0.tgz",
      "integrity": "sha512-GxLw0l/l+CnqDavcHciegjmKsR4nZCMlrIdlvxPrQXAZOU2/EEEQE95UPVwbJCvIX4BB3LgF31FBbiDMWT3jbg==",
      "dependencies": {
        "@ckeditor/ckeditor5-core": "43.0.0",
        "@ckeditor/ckeditor5-ui": "43.0.0",
        "@ckeditor/ckeditor5-utils": "43.0.0",
        "ckeditor5": "43.0.0"
      }
    },
    "node_modules/@ckeditor/ckeditor5-autoformat": {
      "version": "43.0.0",
      "resolved": "https://registry.npmjs.org/@ckeditor/ckeditor5-autoformat/-/ckeditor5-autoformat-43.0.0.tgz",
      "integrity": "sha512-wCPNWhgnUQctU7c8JdDVbf9m8Ai1dugvnFnR7xTLY3SLh7LvUCF0q0QQ4CysHdNVGSoGVJBmdjU7Qg3qNwD9Ng==",
      "dependencies": {
        "@ckeditor/ckeditor5-core": "43.0.0",
        "@ckeditor/ckeditor5-engine": "43.0.0",
        "@ckeditor/ckeditor5-typing": "43.0.0",
        "@ckeditor/ckeditor5-utils": "43.0.0",
        "ckeditor5": "43.0.0"
      }
    },
    "node_modules/@ckeditor/ckeditor5-autosave": {
      "version": "43.0.0",
      "resolved": "https://registry.npmjs.org/@ckeditor/ckeditor5-autosave/-/ckeditor5-autosave-43.0.0.tgz",
      "integrity": "sha512-tqOH9ihcSpErDD9tYCDuIBnWNkAlti3b9gknpNj1cc3JSFbIcyX9KAsSFP49qMgaA1An95UyNTo7YunZgOp5sw==",
      "dependencies": {
        "@ckeditor/ckeditor5-core": "43.0.0",
        "@ckeditor/ckeditor5-utils": "43.0.0",
        "ckeditor5": "43.0.0",
        "lodash-es": "4.17.21"
      }
    },
    "node_modules/@ckeditor/ckeditor5-basic-styles": {
      "version": "43.0.0",
      "resolved": "https://registry.npmjs.org/@ckeditor/ckeditor5-basic-styles/-/ckeditor5-basic-styles-43.0.0.tgz",
      "integrity": "sha512-L3kMP+uDvmkoAtkZO/cvJz4zvbnES1OQYmSipkq2YKZfyAtajj2FWHJ9Xy58D6TRN7RlgoN4WeM4jA0VghNcXQ==",
      "dependencies": {
        "@ckeditor/ckeditor5-core": "43.0.0",
        "@ckeditor/ckeditor5-typing": "43.0.0",
        "@ckeditor/ckeditor5-ui": "43.0.0",
        "ckeditor5": "43.0.0"
      }
    },
    "node_modules/@ckeditor/ckeditor5-block-quote": {
      "version": "43.0.0",
      "resolved": "https://registry.npmjs.org/@ckeditor/ckeditor5-block-quote/-/ckeditor5-block-quote-43.0.0.tgz",
      "integrity": "sha512-FispEZZOZTpau6L3ft+hbpOqi1nDSrPRdEl4oObcHXdisHEYrTdfPXUtGDlcCcaU5mekNzVt4BNRikx2wNP9oQ==",
      "dependencies": {
        "@ckeditor/ckeditor5-core": "43.0.0",
        "@ckeditor/ckeditor5-enter": "43.0.0",
        "@ckeditor/ckeditor5-typing": "43.0.0",
        "@ckeditor/ckeditor5-ui": "43.0.0",
        "@ckeditor/ckeditor5-utils": "43.0.0",
        "ckeditor5": "43.0.0"
      }
    },
    "node_modules/@ckeditor/ckeditor5-build-classic": {
      "version": "43.0.0",
      "resolved": "https://registry.npmjs.org/@ckeditor/ckeditor5-build-classic/-/ckeditor5-build-classic-43.0.0.tgz",
      "integrity": "sha512-gfxs3bexNVbhad60e+JldP4csLPHSjX2QtCrZf+DI1/TuUWN4SmGQFd/5MUXMKUGR1JQ87iEgppk5sMYE3irgw==",
      "dependencies": {
        "@ckeditor/ckeditor5-adapter-ckfinder": "43.0.0",
        "@ckeditor/ckeditor5-autoformat": "43.0.0",
        "@ckeditor/ckeditor5-basic-styles": "43.0.0",
        "@ckeditor/ckeditor5-block-quote": "43.0.0",
        "@ckeditor/ckeditor5-ckbox": "43.0.0",
        "@ckeditor/ckeditor5-ckfinder": "43.0.0",
        "@ckeditor/ckeditor5-cloud-services": "43.0.0",
        "@ckeditor/ckeditor5-easy-image": "43.0.0",
        "@ckeditor/ckeditor5-editor-classic": "43.0.0",
        "@ckeditor/ckeditor5-essentials": "43.0.0",
        "@ckeditor/ckeditor5-heading": "43.0.0",
        "@ckeditor/ckeditor5-image": "43.0.0",
        "@ckeditor/ckeditor5-indent": "43.0.0",
        "@ckeditor/ckeditor5-link": "43.0.0",
        "@ckeditor/ckeditor5-list": "43.0.0",
        "@ckeditor/ckeditor5-media-embed": "43.0.0",
        "@ckeditor/ckeditor5-paragraph": "43.0.0",
        "@ckeditor/ckeditor5-paste-from-office": "43.0.0",
        "@ckeditor/ckeditor5-table": "43.0.0",
        "@ckeditor/ckeditor5-typing": "43.0.0"
      }
    },
    "node_modules/@ckeditor/ckeditor5-ckbox": {
      "version": "43.0.0",
      "resolved": "https://registry.npmjs.org/@ckeditor/ckeditor5-ckbox/-/ckeditor5-ckbox-43.0.0.tgz",
      "integrity": "sha512-dvTgYbn1+EObVoW93rOrLJHlIwAy0/4trLibTTIuwjhKU3IeVW1vH4/UIgXV8Q45CCi5vypLBxzU5V9/bzzcDg==",
      "dependencies": {
        "@ckeditor/ckeditor5-core": "43.0.0",
        "@ckeditor/ckeditor5-engine": "43.0.0",
        "@ckeditor/ckeditor5-ui": "43.0.0",
        "@ckeditor/ckeditor5-upload": "43.0.0",
        "@ckeditor/ckeditor5-utils": "43.0.0",
        "blurhash": "2.0.5",
        "ckeditor5": "43.0.0",
        "lodash-es": "4.17.21"
      }
    },
    "node_modules/@ckeditor/ckeditor5-ckfinder": {
      "version": "43.0.0",
      "resolved": "https://registry.npmjs.org/@ckeditor/ckeditor5-ckfinder/-/ckeditor5-ckfinder-43.0.0.tgz",
      "integrity": "sha512-YZv2AO9my3HBv/J6pOSjkMgVxl6fkUuT7Ify6Wp6ixQFCy1nPPR7s3W3WQX4+d0BPEXcz602A1PylCESYWwFfA==",
      "dependencies": {
        "@ckeditor/ckeditor5-core": "43.0.0",
        "@ckeditor/ckeditor5-ui": "43.0.0",
        "@ckeditor/ckeditor5-utils": "43.0.0",
        "ckeditor5": "43.0.0"
      }
    },
    "node_modules/@ckeditor/ckeditor5-clipboard": {
      "version": "43.0.0",
      "resolved": "https://registry.npmjs.org/@ckeditor/ckeditor5-clipboard/-/ckeditor5-clipboard-43.0.0.tgz",
      "integrity": "sha512-z0A800Acmd1bfY2bi69OB2xBVNZFeqRNRfWyIX+kdP3+kA+tkb6ypMhAc0XMC2cstBcTKUSPEk7HufgD0k8gTw==",
      "dependencies": {
        "@ckeditor/ckeditor5-core": "43.0.0",
        "@ckeditor/ckeditor5-engine": "43.0.0",
        "@ckeditor/ckeditor5-ui": "43.0.0",
        "@ckeditor/ckeditor5-utils": "43.0.0",
        "@ckeditor/ckeditor5-widget": "43.0.0",
        "lodash-es": "4.17.21"
      }
    },
    "node_modules/@ckeditor/ckeditor5-cloud-services": {
      "version": "43.0.0",
      "resolved": "https://registry.npmjs.org/@ckeditor/ckeditor5-cloud-services/-/ckeditor5-cloud-services-43.0.0.tgz",
      "integrity": "sha512-cJ0nwSZNRyX69Ky0M8xIjLzxTJz7E1JJ52TBkzGogV1D2XogiC2eXUMHZDi6zoiBP5KyB84d4trBIxUs0ElaEQ==",
      "dependencies": {
        "@ckeditor/ckeditor5-core": "43.0.0",
        "@ckeditor/ckeditor5-utils": "43.0.0",
        "ckeditor5": "43.0.0"
      }
    },
    "node_modules/@ckeditor/ckeditor5-code-block": {
      "version": "43.0.0",
      "resolved": "https://registry.npmjs.org/@ckeditor/ckeditor5-code-block/-/ckeditor5-code-block-43.0.0.tgz",
      "integrity": "sha512-gQJaMQdEvHtqG7KsCpWawSnVJeH+aLzgETYEuiWxWkJPXqKpE/gzq/XSRxqoyIoda6YWz2gfxCDZckVAHXa9Pg==",
      "dependencies": {
        "@ckeditor/ckeditor5-clipboard": "43.0.0",
        "@ckeditor/ckeditor5-core": "43.0.0",
        "@ckeditor/ckeditor5-engine": "43.0.0",
        "@ckeditor/ckeditor5-enter": "43.0.0",
        "@ckeditor/ckeditor5-ui": "43.0.0",
        "@ckeditor/ckeditor5-utils": "43.0.0",
        "ckeditor5": "43.0.0"
      }
    },
    "node_modules/@ckeditor/ckeditor5-core": {
      "version": "43.0.0",
      "resolved": "https://registry.npmjs.org/@ckeditor/ckeditor5-core/-/ckeditor5-core-43.0.0.tgz",
      "integrity": "sha512-UbOnWwB8RIjipDTuFCPVqJtSnIhuCf5DCUa+05JqMdKzlqj3pJC+iBsvGbxtk6DdzSr8q1CUHwhJxlXfs3BSLg==",
      "dependencies": {
        "@ckeditor/ckeditor5-engine": "43.0.0",
        "@ckeditor/ckeditor5-utils": "43.0.0",
        "@ckeditor/ckeditor5-watchdog": "43.0.0",
        "lodash-es": "4.17.21"
      }
    },
    "node_modules/@ckeditor/ckeditor5-easy-image": {
      "version": "43.0.0",
      "resolved": "https://registry.npmjs.org/@ckeditor/ckeditor5-easy-image/-/ckeditor5-easy-image-43.0.0.tgz",
      "integrity": "sha512-iT+g9lrBvKreHjRP7tc8P/LrzHEtipBQ488eJdtmaNvMUIQvFnjhZOIcYd7Lr+a4M7+qJl8tSwJOQvM/KiXDeQ==",
      "dependencies": {
        "@ckeditor/ckeditor5-core": "43.0.0",
        "@ckeditor/ckeditor5-upload": "43.0.0",
        "@ckeditor/ckeditor5-utils": "43.0.0",
        "ckeditor5": "43.0.0"
      }
    },
    "node_modules/@ckeditor/ckeditor5-editor-balloon": {
      "version": "43.0.0",
      "resolved": "https://registry.npmjs.org/@ckeditor/ckeditor5-editor-balloon/-/ckeditor5-editor-balloon-43.0.0.tgz",
      "integrity": "sha512-D8tJ/ZKezsc0m75/kzSS783VB8tRiWabmzJUOtlFGss8RwD3QZqHCabP/boZW95vEm/sk5UZt2COL43jlNN4TA==",
      "dependencies": {
        "@ckeditor/ckeditor5-core": "43.0.0",
        "@ckeditor/ckeditor5-engine": "43.0.0",
        "@ckeditor/ckeditor5-ui": "43.0.0",
        "@ckeditor/ckeditor5-utils": "43.0.0",
        "ckeditor5": "43.0.0",
        "lodash-es": "4.17.21"
      }
    },
    "node_modules/@ckeditor/ckeditor5-editor-classic": {
      "version": "43.0.0",
      "resolved": "https://registry.npmjs.org/@ckeditor/ckeditor5-editor-classic/-/ckeditor5-editor-classic-43.0.0.tgz",
      "integrity": "sha512-VUewScFqwQxm5tu2YPMNzX6pVb3HaXGyEL1PbKo8gBtmo8eimsfNS6WbW2gn4RhQKyu2BzFKXeaNi9Dj0aTZLA==",
      "dependencies": {
        "@ckeditor/ckeditor5-core": "43.0.0",
        "@ckeditor/ckeditor5-engine": "43.0.0",
        "@ckeditor/ckeditor5-ui": "43.0.0",
        "@ckeditor/ckeditor5-utils": "43.0.0",
        "ckeditor5": "43.0.0",
        "lodash-es": "4.17.21"
      }
    },
    "node_modules/@ckeditor/ckeditor5-editor-decoupled": {
      "version": "43.0.0",
      "resolved": "https://registry.npmjs.org/@ckeditor/ckeditor5-editor-decoupled/-/ckeditor5-editor-decoupled-43.0.0.tgz",
      "integrity": "sha512-BVrMPXCrHMDaxxEuLiUhma4Kx2huSnp7u5EoWaDxAVOXjpb3ZRlboGV5smpt87BmjP5Zt58SrUsDoHnLPfN6eA==",
      "dependencies": {
        "@ckeditor/ckeditor5-core": "43.0.0",
        "@ckeditor/ckeditor5-engine": "43.0.0",
        "@ckeditor/ckeditor5-ui": "43.0.0",
        "@ckeditor/ckeditor5-utils": "43.0.0",
        "ckeditor5": "43.0.0",
        "lodash-es": "4.17.21"
      }
    },
    "node_modules/@ckeditor/ckeditor5-editor-inline": {
      "version": "43.0.0",
      "resolved": "https://registry.npmjs.org/@ckeditor/ckeditor5-editor-inline/-/ckeditor5-editor-inline-43.0.0.tgz",
      "integrity": "sha512-II77SDB23t02Kbapf74W0gR8QpNCeVm7g7IT6NvGF1OW3RlTwDJQsfdyOgvHQoU4FkdRoOIEOoeFbJxgToJORw==",
      "dependencies": {
        "@ckeditor/ckeditor5-core": "43.0.0",
        "@ckeditor/ckeditor5-engine": "43.0.0",
        "@ckeditor/ckeditor5-ui": "43.0.0",
        "@ckeditor/ckeditor5-utils": "43.0.0",
        "ckeditor5": "43.0.0",
        "lodash-es": "4.17.21"
      }
    },
    "node_modules/@ckeditor/ckeditor5-editor-multi-root": {
      "version": "43.0.0",
      "resolved": "https://registry.npmjs.org/@ckeditor/ckeditor5-editor-multi-root/-/ckeditor5-editor-multi-root-43.0.0.tgz",
      "integrity": "sha512-9J48bxr8H0iD98QYEdBrfyIGXcX1v0jQN3w9kuT2Una/GgnBRM+EiN2N9vM+xu6arBSA30aZCqU5u0mv2DPAGg==",
      "dependencies": {
        "@ckeditor/ckeditor5-core": "43.0.0",
        "@ckeditor/ckeditor5-engine": "43.0.0",
        "@ckeditor/ckeditor5-ui": "43.0.0",
        "@ckeditor/ckeditor5-utils": "43.0.0",
        "ckeditor5": "43.0.0",
        "lodash-es": "4.17.21"
      }
    },
    "node_modules/@ckeditor/ckeditor5-engine": {
      "version": "43.0.0",
      "resolved": "https://registry.npmjs.org/@ckeditor/ckeditor5-engine/-/ckeditor5-engine-43.0.0.tgz",
      "integrity": "sha512-0CcNbxxNjrmxytBPjh49ZELwyoE8lFSCFx+44CGRicY+GYeg45+sIUiyY0rWiBaxukfVajl1sYlctDVGezP9Bg==",
      "dependencies": {
        "@ckeditor/ckeditor5-utils": "43.0.0",
        "lodash-es": "4.17.21"
      }
    },
    "node_modules/@ckeditor/ckeditor5-enter": {
      "version": "43.0.0",
      "resolved": "https://registry.npmjs.org/@ckeditor/ckeditor5-enter/-/ckeditor5-enter-43.0.0.tgz",
      "integrity": "sha512-E6ay1zfYOThTQoBISXL3Ez13dKsJXWz6AZV1z5tAq77N+pD0hBjX4uwwxhQ95Yto56Ifhy3l4zwNJTjePAD1TA==",
      "dependencies": {
        "@ckeditor/ckeditor5-core": "43.0.0",
        "@ckeditor/ckeditor5-engine": "43.0.0",
        "@ckeditor/ckeditor5-utils": "43.0.0"
      }
    },
    "node_modules/@ckeditor/ckeditor5-essentials": {
      "version": "43.0.0",
      "resolved": "https://registry.npmjs.org/@ckeditor/ckeditor5-essentials/-/ckeditor5-essentials-43.0.0.tgz",
      "integrity": "sha512-UGXxAhmod1QSM6t5ZEPklqBpoAHFqS2ZWXhGZdQaEVzt13MR+tZanug/+3XTs46yhM5401jKT7BGhfkUZwQnVA==",
      "dependencies": {
        "@ckeditor/ckeditor5-clipboard": "43.0.0",
        "@ckeditor/ckeditor5-core": "43.0.0",
        "@ckeditor/ckeditor5-enter": "43.0.0",
        "@ckeditor/ckeditor5-select-all": "43.0.0",
        "@ckeditor/ckeditor5-typing": "43.0.0",
        "@ckeditor/ckeditor5-ui": "43.0.0",
        "@ckeditor/ckeditor5-undo": "43.0.0",
        "ckeditor5": "43.0.0"
      }
    },
    "node_modules/@ckeditor/ckeditor5-find-and-replace": {
      "version": "43.0.0",
      "resolved": "https://registry.npmjs.org/@ckeditor/ckeditor5-find-and-replace/-/ckeditor5-find-and-replace-43.0.0.tgz",
      "integrity": "sha512-/kD4gypGzuPqtun9IWA0ywNKJKJ9sllurqjRHOXagU5L19pakBr+KpuD7vKNN+NYN3gzyI9REMP6CEXSBb+c3A==",
      "dependencies": {
        "@ckeditor/ckeditor5-core": "43.0.0",
        "@ckeditor/ckeditor5-ui": "43.0.0",
        "@ckeditor/ckeditor5-utils": "43.0.0",
        "ckeditor5": "43.0.0",
        "lodash-es": "4.17.21"
      }
    },
    "node_modules/@ckeditor/ckeditor5-font": {
      "version": "43.0.0",
      "resolved": "https://registry.npmjs.org/@ckeditor/ckeditor5-font/-/ckeditor5-font-43.0.0.tgz",
      "integrity": "sha512-/B5Txk17+av2AsD3naq+yqOw6vdj2n8jA4+Zm0J8TerCRbwYELRyA9vBCwsGvVKkl56RfjzSNInFD/gKAn5Uzw==",
      "dependencies": {
        "@ckeditor/ckeditor5-core": "43.0.0",
        "@ckeditor/ckeditor5-engine": "43.0.0",
        "@ckeditor/ckeditor5-ui": "43.0.0",
        "@ckeditor/ckeditor5-utils": "43.0.0",
        "ckeditor5": "43.0.0"
      }
    },
    "node_modules/@ckeditor/ckeditor5-heading": {
      "version": "43.0.0",
      "resolved": "https://registry.npmjs.org/@ckeditor/ckeditor5-heading/-/ckeditor5-heading-43.0.0.tgz",
      "integrity": "sha512-15h4KH4LmH8h0udTI9Apvw4YuEopjx+srt/++Uxv/AasLfNSOMfZ8lIjhqieuqWjeCGotnV8sG3TPJDi55JOZw==",
      "dependencies": {
        "@ckeditor/ckeditor5-core": "43.0.0",
        "@ckeditor/ckeditor5-engine": "43.0.0",
        "@ckeditor/ckeditor5-paragraph": "43.0.0",
        "@ckeditor/ckeditor5-ui": "43.0.0",
        "@ckeditor/ckeditor5-utils": "43.0.0",
        "ckeditor5": "43.0.0"
      }
    },
    "node_modules/@ckeditor/ckeditor5-highlight": {
      "version": "43.0.0",
      "resolved": "https://registry.npmjs.org/@ckeditor/ckeditor5-highlight/-/ckeditor5-highlight-43.0.0.tgz",
      "integrity": "sha512-lzlIXS0/lB2eUCygzUJbNOU6YDXiIyAnZoFqx/qw4heU9DL33Omh+cSfBpSkm462OWbExUWoOkqHFtE3R8Qs8g==",
      "dependencies": {
        "@ckeditor/ckeditor5-core": "43.0.0",
        "@ckeditor/ckeditor5-ui": "43.0.0",
        "ckeditor5": "43.0.0"
      }
    },
    "node_modules/@ckeditor/ckeditor5-horizontal-line": {
      "version": "43.0.0",
      "resolved": "https://registry.npmjs.org/@ckeditor/ckeditor5-horizontal-line/-/ckeditor5-horizontal-line-43.0.0.tgz",
      "integrity": "sha512-yYsfSjEPW0enbXKntf8OA9G4xQGEKp6m+Dph8asuCIakpET21oUkeVYWDgRlf5in0Qabk5Ymv/UkSWdUaPiVew==",
      "dependencies": {
        "@ckeditor/ckeditor5-core": "43.0.0",
        "@ckeditor/ckeditor5-ui": "43.0.0",
        "@ckeditor/ckeditor5-widget": "43.0.0",
        "ckeditor5": "43.0.0"
      }
    },
    "node_modules/@ckeditor/ckeditor5-html-embed": {
      "version": "43.0.0",
      "resolved": "https://registry.npmjs.org/@ckeditor/ckeditor5-html-embed/-/ckeditor5-html-embed-43.0.0.tgz",
      "integrity": "sha512-KWjZkw9leOzO81xYLqHqhJK7DhrW1qxrfQ2blD3XRI4aXcFQXniLCDXugkLOTzjkbWUhXUbyWt6tM3gPqgX1jQ==",
      "dependencies": {
        "@ckeditor/ckeditor5-core": "43.0.0",
        "@ckeditor/ckeditor5-ui": "43.0.0",
        "@ckeditor/ckeditor5-utils": "43.0.0",
        "@ckeditor/ckeditor5-widget": "43.0.0",
        "ckeditor5": "43.0.0"
      }
    },
    "node_modules/@ckeditor/ckeditor5-html-support": {
      "version": "43.0.0",
      "resolved": "https://registry.npmjs.org/@ckeditor/ckeditor5-html-support/-/ckeditor5-html-support-43.0.0.tgz",
      "integrity": "sha512-Ji5zaG17wgJRSpXe3FNBD1rEmqLb6Jh1+RJX2/+rIV3ph0ZhP5FKESz8PPw48bPjns5sjd5RCdalv9UIKpz5eQ==",
      "dependencies": {
        "@ckeditor/ckeditor5-core": "43.0.0",
        "@ckeditor/ckeditor5-engine": "43.0.0",
        "@ckeditor/ckeditor5-enter": "43.0.0",
        "@ckeditor/ckeditor5-utils": "43.0.0",
        "@ckeditor/ckeditor5-widget": "43.0.0",
        "ckeditor5": "43.0.0",
        "lodash-es": "4.17.21"
      }
    },
    "node_modules/@ckeditor/ckeditor5-image": {
      "version": "43.0.0",
      "resolved": "https://registry.npmjs.org/@ckeditor/ckeditor5-image/-/ckeditor5-image-43.0.0.tgz",
      "integrity": "sha512-UeO1yaDigz1md+xBt9wP1pp9ncotVL8TFkx3nxXvOqVG8FxWS+HdHZ5JwdG+yCrYiIJOPDJt2YiZ6HSkktF/6A==",
      "dependencies": {
        "@ckeditor/ckeditor5-clipboard": "43.0.0",
        "@ckeditor/ckeditor5-core": "43.0.0",
        "@ckeditor/ckeditor5-engine": "43.0.0",
        "@ckeditor/ckeditor5-typing": "43.0.0",
        "@ckeditor/ckeditor5-ui": "43.0.0",
        "@ckeditor/ckeditor5-undo": "43.0.0",
        "@ckeditor/ckeditor5-upload": "43.0.0",
        "@ckeditor/ckeditor5-utils": "43.0.0",
        "@ckeditor/ckeditor5-widget": "43.0.0",
        "ckeditor5": "43.0.0",
        "lodash-es": "4.17.21"
      }
    },
    "node_modules/@ckeditor/ckeditor5-indent": {
      "version": "43.0.0",
      "resolved": "https://registry.npmjs.org/@ckeditor/ckeditor5-indent/-/ckeditor5-indent-43.0.0.tgz",
      "integrity": "sha512-GnG9LsVWXE8Otyxt3ZN4Ild4yYNHy06sQwcRSuByPePKzFb34l/0AfH8IqLJv8SQT/z35Tb7K64zKOriZFX53g==",
      "dependencies": {
        "@ckeditor/ckeditor5-core": "43.0.0",
        "@ckeditor/ckeditor5-engine": "43.0.0",
        "@ckeditor/ckeditor5-ui": "43.0.0",
        "@ckeditor/ckeditor5-utils": "43.0.0",
        "ckeditor5": "43.0.0"
      }
    },
    "node_modules/@ckeditor/ckeditor5-language": {
      "version": "43.0.0",
      "resolved": "https://registry.npmjs.org/@ckeditor/ckeditor5-language/-/ckeditor5-language-43.0.0.tgz",
      "integrity": "sha512-NcVmgB9YXyrHqbj5QUpKJZztj/eEN5k1RkLOhQNA4IDw6UvNp5uSkum5AxtpwcjDaE10UHQIYDBQIwGSRAUL5g==",
      "dependencies": {
        "@ckeditor/ckeditor5-core": "43.0.0",
        "@ckeditor/ckeditor5-ui": "43.0.0",
        "@ckeditor/ckeditor5-utils": "43.0.0",
        "ckeditor5": "43.0.0"
      }
    },
    "node_modules/@ckeditor/ckeditor5-link": {
      "version": "43.0.0",
      "resolved": "https://registry.npmjs.org/@ckeditor/ckeditor5-link/-/ckeditor5-link-43.0.0.tgz",
      "integrity": "sha512-BAkjg+bfiYCPOvK7WLLlqL2Hy0tcNVgspWLRNr3RJWhCSZMEbtgF8DR97mRA/vWkzTR/htNGKXlbp7OOmBk2Pw==",
      "dependencies": {
        "@ckeditor/ckeditor5-clipboard": "43.0.0",
        "@ckeditor/ckeditor5-core": "43.0.0",
        "@ckeditor/ckeditor5-engine": "43.0.0",
        "@ckeditor/ckeditor5-typing": "43.0.0",
        "@ckeditor/ckeditor5-ui": "43.0.0",
        "@ckeditor/ckeditor5-utils": "43.0.0",
        "@ckeditor/ckeditor5-widget": "43.0.0",
        "ckeditor5": "43.0.0",
        "lodash-es": "4.17.21"
      }
    },
    "node_modules/@ckeditor/ckeditor5-list": {
      "version": "43.0.0",
      "resolved": "https://registry.npmjs.org/@ckeditor/ckeditor5-list/-/ckeditor5-list-43.0.0.tgz",
      "integrity": "sha512-pBEI7UNNmO8egc97f1oNHZZvDzZn0TAVzxpYifQcUsVwnsobFk9pojQIpEdJjKoPWcIMJO6SfHe+DYvrB2kqPg==",
      "dependencies": {
        "@ckeditor/ckeditor5-clipboard": "43.0.0",
        "@ckeditor/ckeditor5-core": "43.0.0",
        "@ckeditor/ckeditor5-engine": "43.0.0",
        "@ckeditor/ckeditor5-enter": "43.0.0",
        "@ckeditor/ckeditor5-typing": "43.0.0",
        "@ckeditor/ckeditor5-ui": "43.0.0",
        "@ckeditor/ckeditor5-utils": "43.0.0",
        "ckeditor5": "43.0.0"
      }
    },
    "node_modules/@ckeditor/ckeditor5-markdown-gfm": {
      "version": "43.0.0",
      "resolved": "https://registry.npmjs.org/@ckeditor/ckeditor5-markdown-gfm/-/ckeditor5-markdown-gfm-43.0.0.tgz",
      "integrity": "sha512-4TjnTugDEMoxLej/dmiUxqKEwGqmPACuwU1SnSR15E5X7MR+0SHAdXg/sQfJcbmwrjle/6tSp4NVK7XKPi7Sug==",
      "dependencies": {
        "@ckeditor/ckeditor5-clipboard": "43.0.0",
        "@ckeditor/ckeditor5-core": "43.0.0",
        "@ckeditor/ckeditor5-engine": "43.0.0",
        "ckeditor5": "43.0.0",
        "marked": "4.0.12",
        "turndown": "7.2.0",
        "turndown-plugin-gfm": "1.0.2"
      }
    },
    "node_modules/@ckeditor/ckeditor5-media-embed": {
      "version": "43.0.0",
      "resolved": "https://registry.npmjs.org/@ckeditor/ckeditor5-media-embed/-/ckeditor5-media-embed-43.0.0.tgz",
      "integrity": "sha512-l+BlHpS88yZ0J25KqfXADgb3AYXuAt5yTzYwN8XCMQ0/HbjKmgb/Hkppo5Bcd/hzSBG+LUh1dygP1F2lkc5N/A==",
      "dependencies": {
        "@ckeditor/ckeditor5-clipboard": "43.0.0",
        "@ckeditor/ckeditor5-core": "43.0.0",
        "@ckeditor/ckeditor5-engine": "43.0.0",
        "@ckeditor/ckeditor5-typing": "43.0.0",
        "@ckeditor/ckeditor5-ui": "43.0.0",
        "@ckeditor/ckeditor5-undo": "43.0.0",
        "@ckeditor/ckeditor5-utils": "43.0.0",
        "@ckeditor/ckeditor5-widget": "43.0.0",
        "ckeditor5": "43.0.0"
      }
    },
    "node_modules/@ckeditor/ckeditor5-mention": {
      "version": "43.0.0",
      "resolved": "https://registry.npmjs.org/@ckeditor/ckeditor5-mention/-/ckeditor5-mention-43.0.0.tgz",
      "integrity": "sha512-B5DNmfj1JbLLx5+6vnneoK+C0BLPjiM+5x1qdpLVAMIWkbr6qJCthZfe5gnGD7WoGpRILIE//cskm42eP26wcQ==",
      "dependencies": {
        "@ckeditor/ckeditor5-core": "43.0.0",
        "@ckeditor/ckeditor5-typing": "43.0.0",
        "@ckeditor/ckeditor5-ui": "43.0.0",
        "@ckeditor/ckeditor5-utils": "43.0.0",
        "ckeditor5": "43.0.0",
        "lodash-es": "4.17.21"
      }
    },
    "node_modules/@ckeditor/ckeditor5-minimap": {
      "version": "43.0.0",
      "resolved": "https://registry.npmjs.org/@ckeditor/ckeditor5-minimap/-/ckeditor5-minimap-43.0.0.tgz",
      "integrity": "sha512-2C59bqoVBOTnbccsgpCyie+sGKTl/J5nIt5Wu1oyINYPT+j+VjUtiSh5yZKPRXTF+Cyba6NyFU/56BJLBnPurQ==",
      "dependencies": {
        "@ckeditor/ckeditor5-core": "43.0.0",
        "@ckeditor/ckeditor5-engine": "43.0.0",
        "@ckeditor/ckeditor5-ui": "43.0.0",
        "@ckeditor/ckeditor5-utils": "43.0.0",
        "ckeditor5": "43.0.0"
      }
    },
    "node_modules/@ckeditor/ckeditor5-page-break": {
      "version": "43.0.0",
      "resolved": "https://registry.npmjs.org/@ckeditor/ckeditor5-page-break/-/ckeditor5-page-break-43.0.0.tgz",
      "integrity": "sha512-oSHGAPBHrs2pRwAp36ldVn3fy2xySzDmMXNArnpiRbwIScQOZHuf/iqAIPeeZkO27Gfo9bfh/oWbGcUfPBzF6A==",
      "dependencies": {
        "@ckeditor/ckeditor5-core": "43.0.0",
        "@ckeditor/ckeditor5-ui": "43.0.0",
        "@ckeditor/ckeditor5-widget": "43.0.0",
        "ckeditor5": "43.0.0"
      }
    },
    "node_modules/@ckeditor/ckeditor5-paragraph": {
      "version": "43.0.0",
      "resolved": "https://registry.npmjs.org/@ckeditor/ckeditor5-paragraph/-/ckeditor5-paragraph-43.0.0.tgz",
      "integrity": "sha512-xt8x4E6Vh0dmFxbCtv89KdKoSM+xB6B8s7q+Mvf/a/gtnV/x1OJgMBBTUj81FRYtMVB5LyQsE8Wo8jNLYzHmTQ==",
      "dependencies": {
        "@ckeditor/ckeditor5-core": "43.0.0",
        "@ckeditor/ckeditor5-ui": "43.0.0",
        "@ckeditor/ckeditor5-utils": "43.0.0"
      }
    },
    "node_modules/@ckeditor/ckeditor5-paste-from-office": {
      "version": "43.0.0",
      "resolved": "https://registry.npmjs.org/@ckeditor/ckeditor5-paste-from-office/-/ckeditor5-paste-from-office-43.0.0.tgz",
      "integrity": "sha512-VMONY8JUdSfWQ0GNjtpjqWvA1BGunIqhDp4dIvbSyiAoK/3p7QQfjdAm9OOxHIwyns5gO5+sBiEHC5GZadgSMg==",
      "dependencies": {
        "@ckeditor/ckeditor5-clipboard": "43.0.0",
        "@ckeditor/ckeditor5-core": "43.0.0",
        "@ckeditor/ckeditor5-engine": "43.0.0",
        "ckeditor5": "43.0.0"
      }
    },
    "node_modules/@ckeditor/ckeditor5-remove-format": {
      "version": "43.0.0",
      "resolved": "https://registry.npmjs.org/@ckeditor/ckeditor5-remove-format/-/ckeditor5-remove-format-43.0.0.tgz",
      "integrity": "sha512-q27Zqie8WJXk9XGp5CFaGZ8JMyLczhdGU/kyeeX9A5FcCDxpR2nYOgtq0BGgt14XTa2Hr0IKM8NIfdyxA29YNA==",
      "dependencies": {
        "@ckeditor/ckeditor5-core": "43.0.0",
        "@ckeditor/ckeditor5-ui": "43.0.0",
        "@ckeditor/ckeditor5-utils": "43.0.0",
        "ckeditor5": "43.0.0"
      }
    },
    "node_modules/@ckeditor/ckeditor5-restricted-editing": {
      "version": "43.0.0",
      "resolved": "https://registry.npmjs.org/@ckeditor/ckeditor5-restricted-editing/-/ckeditor5-restricted-editing-43.0.0.tgz",
      "integrity": "sha512-zMX3ONNZ1jKKfT41PERvJOr79ciZYxCQjhBkCHQE6xe1VhU5QFfPibvZRj+KEHI6CBhxGrwo0In0YaLLIHbUuQ==",
      "dependencies": {
        "@ckeditor/ckeditor5-core": "43.0.0",
        "@ckeditor/ckeditor5-engine": "43.0.0",
        "@ckeditor/ckeditor5-ui": "43.0.0",
        "@ckeditor/ckeditor5-utils": "43.0.0",
        "ckeditor5": "43.0.0"
      }
    },
    "node_modules/@ckeditor/ckeditor5-select-all": {
      "version": "43.0.0",
      "resolved": "https://registry.npmjs.org/@ckeditor/ckeditor5-select-all/-/ckeditor5-select-all-43.0.0.tgz",
      "integrity": "sha512-ABPFd6cVeef5tWXtnv3ZNdCK1WcCEH48Gm8o84S+ZwQ0wW6y3CY3EW6QVCIL1sqBzgLY8NBBCgGvS7Ymn7fv4A==",
      "dependencies": {
        "@ckeditor/ckeditor5-core": "43.0.0",
        "@ckeditor/ckeditor5-ui": "43.0.0",
        "@ckeditor/ckeditor5-utils": "43.0.0"
      }
    },
    "node_modules/@ckeditor/ckeditor5-show-blocks": {
      "version": "43.0.0",
      "resolved": "https://registry.npmjs.org/@ckeditor/ckeditor5-show-blocks/-/ckeditor5-show-blocks-43.0.0.tgz",
      "integrity": "sha512-KX0nfY1Hhs++fv/mgy4+lJxT78ekOwSecLURpX3Mzs4j7AAek424D7itlP5r1wPK9e7ozPd7+AmUYHCuesSD4w==",
      "dependencies": {
        "@ckeditor/ckeditor5-core": "43.0.0",
        "@ckeditor/ckeditor5-ui": "43.0.0",
        "ckeditor5": "43.0.0"
      }
    },
    "node_modules/@ckeditor/ckeditor5-source-editing": {
      "version": "43.0.0",
      "resolved": "https://registry.npmjs.org/@ckeditor/ckeditor5-source-editing/-/ckeditor5-source-editing-43.0.0.tgz",
      "integrity": "sha512-Go9lDGoB26d0Rb7D329I54NHO4T28c4grqx6KVjO0R8nmugfcSpITBLdSn/KarDJA1ysIsbN7k/p5guuiVWTMg==",
      "dependencies": {
        "@ckeditor/ckeditor5-core": "43.0.0",
        "@ckeditor/ckeditor5-theme-lark": "43.0.0",
        "@ckeditor/ckeditor5-ui": "43.0.0",
        "@ckeditor/ckeditor5-utils": "43.0.0",
        "ckeditor5": "43.0.0"
      }
    },
    "node_modules/@ckeditor/ckeditor5-special-characters": {
      "version": "43.0.0",
      "resolved": "https://registry.npmjs.org/@ckeditor/ckeditor5-special-characters/-/ckeditor5-special-characters-43.0.0.tgz",
      "integrity": "sha512-5l2SdmYEBbid15xUo/L/UjzuxFODNEhNvv4mXIZZOX0tkJ6UNlF1jt5wMjFjWrfFUsZdUwj/aC/7FutotWeHrQ==",
      "dependencies": {
        "@ckeditor/ckeditor5-core": "43.0.0",
        "@ckeditor/ckeditor5-typing": "43.0.0",
        "@ckeditor/ckeditor5-ui": "43.0.0",
        "@ckeditor/ckeditor5-utils": "43.0.0",
        "ckeditor5": "43.0.0"
      }
    },
    "node_modules/@ckeditor/ckeditor5-style": {
      "version": "43.0.0",
      "resolved": "https://registry.npmjs.org/@ckeditor/ckeditor5-style/-/ckeditor5-style-43.0.0.tgz",
      "integrity": "sha512-9obmKXVQWsg/Ly25ggXyO92GrHp3lIcJ8vjEkbQU/8PO2pblhEylLJEPIRWSySNKYkw0d2fsSDKjC5c3Brx/Gg==",
      "dependencies": {
        "@ckeditor/ckeditor5-core": "43.0.0",
        "@ckeditor/ckeditor5-typing": "43.0.0",
        "@ckeditor/ckeditor5-ui": "43.0.0",
        "@ckeditor/ckeditor5-utils": "43.0.0",
        "ckeditor5": "43.0.0",
        "lodash-es": "4.17.21"
      }
    },
    "node_modules/@ckeditor/ckeditor5-table": {
      "version": "43.0.0",
      "resolved": "https://registry.npmjs.org/@ckeditor/ckeditor5-table/-/ckeditor5-table-43.0.0.tgz",
      "integrity": "sha512-yHru16jsCG7Zr71hWVvCFyc08ol2dbUNwV4wAZUmM27sYyW8ue6ATML6NQQUiL+7gwbm1xit/Gm9hxuRBtzz+Q==",
      "dependencies": {
        "@ckeditor/ckeditor5-clipboard": "43.0.0",
        "@ckeditor/ckeditor5-core": "43.0.0",
        "@ckeditor/ckeditor5-engine": "43.0.0",
        "@ckeditor/ckeditor5-ui": "43.0.0",
        "@ckeditor/ckeditor5-utils": "43.0.0",
        "@ckeditor/ckeditor5-widget": "43.0.0",
        "ckeditor5": "43.0.0",
        "lodash-es": "4.17.21"
      }
    },
    "node_modules/@ckeditor/ckeditor5-theme-lark": {
      "version": "43.0.0",
      "resolved": "https://registry.npmjs.org/@ckeditor/ckeditor5-theme-lark/-/ckeditor5-theme-lark-43.0.0.tgz",
      "integrity": "sha512-cd66o/cdKFDhjMnhabgtrsl1K1cyRYzsQnS2459Ly7ApxreOF5w8MRQuGIfr7NmjDwu7xTo4CXowCxmRoxf3JQ==",
      "dependencies": {
        "@ckeditor/ckeditor5-ui": "43.0.0"
      }
    },
    "node_modules/@ckeditor/ckeditor5-typing": {
      "version": "43.0.0",
      "resolved": "https://registry.npmjs.org/@ckeditor/ckeditor5-typing/-/ckeditor5-typing-43.0.0.tgz",
      "integrity": "sha512-OKXpo5NdM2ZAL4hJpL0SXdeEfWzZfcfFwRjmOSFOIhTH06wN2E77OQbdn1E6L3yyup+9iYBanL7BYjDBQL4/cQ==",
      "dependencies": {
        "@ckeditor/ckeditor5-core": "43.0.0",
        "@ckeditor/ckeditor5-engine": "43.0.0",
        "@ckeditor/ckeditor5-utils": "43.0.0",
        "lodash-es": "4.17.21"
      }
    },
    "node_modules/@ckeditor/ckeditor5-ui": {
      "version": "43.0.0",
      "resolved": "https://registry.npmjs.org/@ckeditor/ckeditor5-ui/-/ckeditor5-ui-43.0.0.tgz",
      "integrity": "sha512-R77EeM3vbRWmVdCUPbw5ZfqQlz2UiOIrCnjkXEf1GQVFzn5THNejlUzf9QwL51GS8CquOyH8rg1iRPM9gQiGuw==",
      "dependencies": {
        "@ckeditor/ckeditor5-core": "43.0.0",
        "@ckeditor/ckeditor5-utils": "43.0.0",
        "color-convert": "2.0.1",
        "color-parse": "1.4.2",
        "lodash-es": "4.17.21",
        "vanilla-colorful": "0.7.2"
      }
    },
    "node_modules/@ckeditor/ckeditor5-undo": {
      "version": "43.0.0",
      "resolved": "https://registry.npmjs.org/@ckeditor/ckeditor5-undo/-/ckeditor5-undo-43.0.0.tgz",
      "integrity": "sha512-FDLyZqxkcMqhodOHrYP/GTQWQuC3e9n1gg25nQYqR0IgEqrDU6TH+wTBMrvo6YHv3pl88IZsfNr2vj5ZnsKThQ==",
      "dependencies": {
        "@ckeditor/ckeditor5-core": "43.0.0",
        "@ckeditor/ckeditor5-engine": "43.0.0",
        "@ckeditor/ckeditor5-ui": "43.0.0"
      }
    },
    "node_modules/@ckeditor/ckeditor5-upload": {
      "version": "43.0.0",
      "resolved": "https://registry.npmjs.org/@ckeditor/ckeditor5-upload/-/ckeditor5-upload-43.0.0.tgz",
      "integrity": "sha512-IXryGBQFjw2wDz04UM8pbwjJETBxYCmyMz0WW7GJsNA04qO3evxlaCVGczb1nheRbbUb9SBU8wpHKPz05xMQdA==",
      "dependencies": {
        "@ckeditor/ckeditor5-core": "43.0.0",
        "@ckeditor/ckeditor5-utils": "43.0.0"
      }
    },
    "node_modules/@ckeditor/ckeditor5-utils": {
      "version": "43.0.0",
      "resolved": "https://registry.npmjs.org/@ckeditor/ckeditor5-utils/-/ckeditor5-utils-43.0.0.tgz",
      "integrity": "sha512-xupNfpUX3EGVVRycijYGOZXTaWEebHPwEMAfI5rduYAUAf63AbTpL4s7sakxFaHp1SS3bQWN+j1QiXh/TBhRAw==",
      "dependencies": {
        "lodash-es": "4.17.21"
      }
    },
    "node_modules/@ckeditor/ckeditor5-watchdog": {
      "version": "43.0.0",
      "resolved": "https://registry.npmjs.org/@ckeditor/ckeditor5-watchdog/-/ckeditor5-watchdog-43.0.0.tgz",
      "integrity": "sha512-sS+mnuWGZWpe04YbpGZWy3MpMzZ2eFDn911jo0+7nGbypuH8cqrFSZBCUZ4DyE7ghsZ2P6CgMTsUtz4G+kjeZw==",
      "dependencies": {
        "lodash-es": "4.17.21"
      }
    },
    "node_modules/@ckeditor/ckeditor5-widget": {
      "version": "43.0.0",
      "resolved": "https://registry.npmjs.org/@ckeditor/ckeditor5-widget/-/ckeditor5-widget-43.0.0.tgz",
      "integrity": "sha512-jjRzj3jkieUxtTF2fGQVZCFi5Oq2gpkiJ77DaXEINNqyDx01d2mdIl/U0FnQbgfK/2bUf+1wp5qnT3Lwf4q5Jw==",
      "dependencies": {
        "@ckeditor/ckeditor5-core": "43.0.0",
        "@ckeditor/ckeditor5-engine": "43.0.0",
        "@ckeditor/ckeditor5-enter": "43.0.0",
        "@ckeditor/ckeditor5-typing": "43.0.0",
        "@ckeditor/ckeditor5-ui": "43.0.0",
        "@ckeditor/ckeditor5-utils": "43.0.0",
        "lodash-es": "4.17.21"
      }
    },
    "node_modules/@ckeditor/ckeditor5-word-count": {
      "version": "43.0.0",
      "resolved": "https://registry.npmjs.org/@ckeditor/ckeditor5-word-count/-/ckeditor5-word-count-43.0.0.tgz",
      "integrity": "sha512-AiqeuESUTCsNUPCoPzRq1BDAGqPW6e/9vZpZ0B0esDcshLddJ2oQk0bYyjvkpJ4GDNEwAwJyCN1yI7IYXGEBjw==",
      "dependencies": {
        "@ckeditor/ckeditor5-core": "43.0.0",
        "@ckeditor/ckeditor5-ui": "43.0.0",
        "@ckeditor/ckeditor5-utils": "43.0.0",
        "ckeditor5": "43.0.0",
        "lodash-es": "4.17.21"
      }
    },
    "node_modules/@mixmark-io/domino": {
      "version": "2.2.0",
      "resolved": "https://registry.npmjs.org/@mixmark-io/domino/-/domino-2.2.0.tgz",
      "integrity": "sha512-Y28PR25bHXUg88kCV7nivXrP2Nj2RueZ3/l/jdx6J9f8J4nsEGcgX0Qe6lt7Pa+J79+kPiJU3LguR6O/6zrLOw=="
    },
    "node_modules/blurhash": {
      "version": "2.0.5",
      "resolved": "https://registry.npmjs.org/blurhash/-/blurhash-2.0.5.tgz",
      "integrity": "sha512-cRygWd7kGBQO3VEhPiTgq4Wc43ctsM+o46urrmPOiuAe+07fzlSB9OJVdpgDL0jPqXUVQ9ht7aq7kxOeJHRK+w=="
    },
    "node_modules/ckeditor5": {
      "version": "43.0.0",
      "resolved": "https://registry.npmjs.org/ckeditor5/-/ckeditor5-43.0.0.tgz",
      "integrity": "sha512-7amisPZrSPMuaSDRFVAz/BgplV5OzUpWs6jtFP6MNDh98QK/RLyGvm4vhxjEN5n2MCov/ZURphwYsKwStIX68Q==",
      "dependencies": {
        "@ckeditor/ckeditor5-adapter-ckfinder": "43.0.0",
        "@ckeditor/ckeditor5-alignment": "43.0.0",
        "@ckeditor/ckeditor5-autoformat": "43.0.0",
        "@ckeditor/ckeditor5-autosave": "43.0.0",
        "@ckeditor/ckeditor5-basic-styles": "43.0.0",
        "@ckeditor/ckeditor5-block-quote": "43.0.0",
        "@ckeditor/ckeditor5-ckbox": "43.0.0",
        "@ckeditor/ckeditor5-ckfinder": "43.0.0",
        "@ckeditor/ckeditor5-clipboard": "43.0.0",
        "@ckeditor/ckeditor5-cloud-services": "43.0.0",
        "@ckeditor/ckeditor5-code-block": "43.0.0",
        "@ckeditor/ckeditor5-core": "43.0.0",
        "@ckeditor/ckeditor5-easy-image": "43.0.0",
        "@ckeditor/ckeditor5-editor-balloon": "43.0.0",
        "@ckeditor/ckeditor5-editor-classic": "43.0.0",
        "@ckeditor/ckeditor5-editor-decoupled": "43.0.0",
        "@ckeditor/ckeditor5-editor-inline": "43.0.0",
        "@ckeditor/ckeditor5-editor-multi-root": "43.0.0",
        "@ckeditor/ckeditor5-engine": "43.0.0",
        "@ckeditor/ckeditor5-enter": "43.0.0",
        "@ckeditor/ckeditor5-essentials": "43.0.0",
        "@ckeditor/ckeditor5-find-and-replace": "43.0.0",
        "@ckeditor/ckeditor5-font": "43.0.0",
        "@ckeditor/ckeditor5-heading": "43.0.0",
        "@ckeditor/ckeditor5-highlight": "43.0.0",
        "@ckeditor/ckeditor5-horizontal-line": "43.0.0",
        "@ckeditor/ckeditor5-html-embed": "43.0.0",
        "@ckeditor/ckeditor5-html-support": "43.0.0",
        "@ckeditor/ckeditor5-image": "43.0.0",
        "@ckeditor/ckeditor5-indent": "43.0.0",
        "@ckeditor/ckeditor5-language": "43.0.0",
        "@ckeditor/ckeditor5-link": "43.0.0",
        "@ckeditor/ckeditor5-list": "43.0.0",
        "@ckeditor/ckeditor5-markdown-gfm": "43.0.0",
        "@ckeditor/ckeditor5-media-embed": "43.0.0",
        "@ckeditor/ckeditor5-mention": "43.0.0",
        "@ckeditor/ckeditor5-minimap": "43.0.0",
        "@ckeditor/ckeditor5-page-break": "43.0.0",
        "@ckeditor/ckeditor5-paragraph": "43.0.0",
        "@ckeditor/ckeditor5-paste-from-office": "43.0.0",
        "@ckeditor/ckeditor5-remove-format": "43.0.0",
        "@ckeditor/ckeditor5-restricted-editing": "43.0.0",
        "@ckeditor/ckeditor5-select-all": "43.0.0",
        "@ckeditor/ckeditor5-show-blocks": "43.0.0",
        "@ckeditor/ckeditor5-source-editing": "43.0.0",
        "@ckeditor/ckeditor5-special-characters": "43.0.0",
        "@ckeditor/ckeditor5-style": "43.0.0",
        "@ckeditor/ckeditor5-table": "43.0.0",
        "@ckeditor/ckeditor5-theme-lark": "43.0.0",
        "@ckeditor/ckeditor5-typing": "43.0.0",
        "@ckeditor/ckeditor5-ui": "43.0.0",
        "@ckeditor/ckeditor5-undo": "43.0.0",
        "@ckeditor/ckeditor5-upload": "43.0.0",
        "@ckeditor/ckeditor5-utils": "43.0.0",
        "@ckeditor/ckeditor5-watchdog": "43.0.0",
        "@ckeditor/ckeditor5-widget": "43.0.0",
        "@ckeditor/ckeditor5-word-count": "43.0.0"
      }
    },
    "node_modules/color-convert": {
      "version": "2.0.1",
      "resolved": "https://registry.npmjs.org/color-convert/-/color-convert-2.0.1.tgz",
      "integrity": "sha512-RRECPsj7iu/xb5oKYcsFHSppFNnsj/52OVTRKb4zP5onXwVF3zVmmToNcOfGC+CRDpfK/U584fMg38ZHCaElKQ==",
      "dependencies": {
        "color-name": "~1.1.4"
      },
      "engines": {
        "node": ">=7.0.0"
      }
    },
    "node_modules/color-name": {
      "version": "1.1.4",
      "resolved": "https://registry.npmjs.org/color-name/-/color-name-1.1.4.tgz",
      "integrity": "sha512-dOy+3AuW3a2wNbZHIuMZpTcgjGuLU/uBL/ubcZF9OXbDo8ff4O8yVp5Bf0efS8uEoYo5q4Fx7dY9OgQGXgAsQA=="
    },
    "node_modules/color-parse": {
      "version": "1.4.2",
      "resolved": "https://registry.npmjs.org/color-parse/-/color-parse-1.4.2.tgz",
      "integrity": "sha512-RI7s49/8yqDj3fECFZjUI1Yi0z/Gq1py43oNJivAIIDSyJiOZLfYCRQEgn8HEVAj++PcRe8AnL2XF0fRJ3BTnA==",
      "dependencies": {
        "color-name": "^1.0.0"
      }
    },
    "node_modules/lodash-es": {
      "version": "4.17.21",
      "resolved": "https://registry.npmjs.org/lodash-es/-/lodash-es-4.17.21.tgz",
      "integrity": "sha512-mKnC+QJ9pWVzv+C4/U3rRsHapFfHvQFoFB92e52xeyGMcX6/OlIl78je1u8vePzYZSkkogMPJ2yjxxsb89cxyw=="
    },
    "node_modules/marked": {
      "version": "4.0.12",
      "resolved": "https://registry.npmjs.org/marked/-/marked-4.0.12.tgz",
      "integrity": "sha512-hgibXWrEDNBWgGiK18j/4lkS6ihTe9sxtV4Q1OQppb/0zzyPSzoFANBa5MfsG/zgsWklmNnhm0XACZOH/0HBiQ==",
      "bin": {
        "marked": "bin/marked.js"
      },
      "engines": {
        "node": ">= 12"
      }
    },
    "node_modules/turndown": {
      "version": "7.2.0",
      "resolved": "https://registry.npmjs.org/turndown/-/turndown-7.2.0.tgz",
      "integrity": "sha512-eCZGBN4nNNqM9Owkv9HAtWRYfLA4h909E/WGAWWBpmB275ehNhZyk87/Tpvjbp0jjNl9XwCsbe6bm6CqFsgD+A==",
      "dependencies": {
        "@mixmark-io/domino": "^2.2.0"
      }
    },
    "node_modules/turndown-plugin-gfm": {
      "version": "1.0.2",
      "resolved": "https://registry.npmjs.org/turndown-plugin-gfm/-/turndown-plugin-gfm-1.0.2.tgz",
      "integrity": "sha512-vwz9tfvF7XN/jE0dGoBei3FXWuvll78ohzCZQuOb+ZjWrs3a0XhQVomJEb2Qh4VHTPNRO4GPZh0V7VRbiWwkRg=="
    },
    "node_modules/vanilla-colorful": {
      "version": "0.7.2",
      "resolved": "https://registry.npmjs.org/vanilla-colorful/-/vanilla-colorful-0.7.2.tgz",
      "integrity": "sha512-z2YZusTFC6KnLERx1cgoIRX2CjPRP0W75N+3CC6gbvdX5Ch47rZkEMGO2Xnf+IEmi3RiFLxS18gayMA27iU7Kg=="
    }
  }
}
